<Solution>
  <Folder Name="/src/" />
  <Folder Name="/src/Bootstraper/">
    <Project Path="src/Bootstraper/Api/Api.csproj" />
  </Folder>
  <Folder Name="/src/Modules/" />
  <Folder Name="/src/Modules/Attendance/">
    <Project Path="src/Modules/Attendance/AttendanceDomain/AttendanceDomain.csproj" Id="ea2f438f-a7db-47de-9ac3-f15d7a676a73" />
  </Folder>
  <Folder Name="/src/Modules/Auth/">
    <Project Path="src/Modules/Auth/Auth.Contracts/Auth.Contracts.csproj" Id="7a3b44f1-15eb-4cc7-9efa-41307318cd28" />
    <Project Path="src/Modules/Auth/Auth/Auth.csproj" />
  </Folder>
  <Folder Name="/src/Modules/Catalog/">
    <Project Path="src/Modules/Catalog/Catalog.Contracts/Catalog.Contracts.csproj" />
    <Project Path="src/Modules/Catalog/Catalog/Catalog.csproj" />
  </Folder>
  <Folder Name="/src/Modules/Employee/">
    <Project Path="src/Modules/Employee/EmployeeModule/EmployeeModule.csproj" Id="e0828324-f2cb-4169-982e-862d771f59b4" />
  </Folder>
  <Folder Name="/src/Modules/Inventory/">
    <Project Path="src/Modules/Inventory/Inventory/Inventory.csproj" />
  </Folder>
  <Folder Name="/src/Modules/Leave/">
    <Project Path="src/Modules/Leave/LeaveManagement/LeaveManagement.csproj" Id="f06f5eb9-8a15-4dd1-bc2c-22b44199d1e7" />
  </Folder>
  <Folder Name="/src/Modules/Organization/">
    <Project Path="src/Modules/Organization/Organization/Organization.csproj" />
  </Folder>
  <Folder Name="/src/Modules/PayrollEngine/">
    <Project Path="src/Modules/PayrollEngine/PayrollEngine/PayrollEngine.csproj" Id="d6cc12aa-4d09-4762-89a8-b5100127b867" />
  </Folder>
  <Folder Name="/src/Modules/PayrollModule/">
    <Project Path="src/Modules/PayrollModule/Payroll/Payroll.csproj" Id="9f5b2d8d-d3bd-4d2e-b16c-bb5f727981ad" />
  </Folder>
  <Folder Name="/src/Modules/PerformanceManagement/">
    <Project Path="src/Modules/PerformanceManagement/PerformanceManagement/PerformanceManagement.csproj" Id="7a37aeb9-ce0b-4364-870b-c23a741897db" />
  </Folder>
  <Folder Name="/src/Shared/" />
  <Folder Name="/src/Shared/Shared.Contracts/">
    <Project Path="src/Shared/Shared.Contracts/Shared.Contracts.csproj" />
  </Folder>
  <Folder Name="/src/Shared/Shared/">
    <Project Path="src/Shared/Shared/Shared.csproj" />
  </Folder>
  <Folder Name="/src/Shared/SharedWithUI/">
    <Project Path="src/Shared/SharedWithUI/SharedWithUI/SharedWithUI.csproj" Id="a44f2802-7f1e-40fd-a0ea-9dab4d539d52" />
  </Folder>
  <Folder Name="/src/UI/">
    <Project Path="UI/AlAfkarERP/AlAfkarERP.Shared/AlAfkarERP.Shared.csproj" Id="ea5b1237-a6a5-4b54-8c06-95734c4de967" />
    <Project Path="UI/AlAfkarERP/AlAfkarERP.Web/AlAfkarERP.Web.csproj" Id="d8a1be39-932a-40e8-a4b2-0c1160aa66dd" />
    <Project Path="UI/AlAfkarERP/AlAfkarERP/AlAfkarERP.csproj" Id="2b6b2c4f-47d8-4646-b8d1-422697376698">
      <Deploy />
    </Project>
  </Folder>
  <Project Path="docker-compose.dcproj">
    <Build />
  </Project>
</Solution>
